
Microsoft Visual Studio Solution File, Format Version 12.00
# Visual Studio Version 17
VisualStudioVersion = 17.5.002.0
MinimumVisualStudioVersion = 10.0.40219.1
Project("{2150E333-8FDC-42A3-9474-1A3956D46DE8}") = "MeowMode", "MeowMode", "{193F0B48-5685-4CEA-89D0-9B6757C113AE}"
EndProject
Project("{9A19103F-16F7-4668-BE54-9A1E7A4F7556}") = "MeowMode", "MeowMode\MeowMode\MeowMode.csproj", "{643AB815-464B-4633-AE93-DE8F1708C475}"
EndProject
Global
	GlobalSection(SolutionConfigurationPlatforms) = preSolution
		Debug|Any CPU = Debug|Any CPU
		Release|Any CPU = Release|Any CPU
	EndGlobalSection
	GlobalSection(ProjectConfigurationPlatforms) = postSolution
		{643AB815-464B-4633-AE93-DE8F1708C475}.Debug|Any CPU.ActiveCfg = Debug|Any CPU
		{643AB815-464B-4633-AE93-DE8F1708C475}.Debug|Any CPU.Build.0 = Debug|Any CPU
		{643AB815-464B-4633-AE93-DE8F1708C475}.Release|Any CPU.ActiveCfg = Release|Any CPU
		{643AB815-464B-4633-AE93-DE8F1708C475}.Release|Any CPU.Build.0 = Release|Any CPU
	EndGlobalSection
	GlobalSection(SolutionProperties) = preSolution
		HideSolutionNode = FALSE
	EndGlobalSection
	GlobalSection(NestedProjects) = preSolution
		{643AB815-464B-4633-AE93-DE8F1708C475} = {193F0B48-5685-4CEA-89D0-9B6757C113AE}
	EndGlobalSection
	GlobalSection(ExtensibilityGlobals) = postSolution
		SolutionGuid = {76E5DBB1-7EC7-4153-A61A-128C1E42C926}
	EndGlobalSection
EndGlobal
